
Microsoft Visual Studio Solution File, Format Version 12.00
# Visual Studio Version 17
VisualStudioVersion = 17.14.36109.1 d17.14
MinimumVisualStudioVersion = 10.0.40219.1
Project("{FAE04EC0-301F-11D3-BF4B-00C04F79EFBC}") = "CinemaApp", "CinemaApp\CinemaApp.csproj", "{C7DDA127-4E12-4944-9577-CECC2F63D5B6}"
EndProject
Global
	GlobalSection(SolutionConfigurationPlatforms) = preSolution
		Debug|Any CPU = Debug|Any CPU
		Release|Any CPU = Release|Any CPU
	EndGlobalSection
	GlobalSection(ProjectConfigurationPlatforms) = postSolution
		{C7DDA127-4E12-4944-9577-CECC2F63D5B6}.Debug|Any CPU.ActiveCfg = Debug|Any CPU
		{C7DDA127-4E12-4944-9577-CECC2F63D5B6}.Debug|Any CPU.Build.0 = Debug|Any CPU
		{C7DDA127-4E12-4944-9577-CECC2F63D5B6}.Release|Any CPU.ActiveCfg = Release|Any CPU
		{C7DDA127-4E12-4944-9577-CECC2F63D5B6}.Release|Any CPU.Build.0 = Release|Any CPU
	EndGlobalSection
	GlobalSection(SolutionProperties) = preSolution
		HideSolutionNode = FALSE
	EndGlobalSection
	GlobalSection(ExtensibilityGlobals) = postSolution
		SolutionGuid = {C6BF1258-CD89-4A93-A47A-624ED7F0A3FF}
	EndGlobalSection
EndGlobal
